
Microsoft Visual Studio Solution File, Format Version 12.00
# Visual Studio 15
VisualStudioVersion = 15.0.27703.2000
MinimumVisualStudioVersion = 10.0.40219.1
Project("{FAE04EC0-301F-11D3-BF4B-00C04F79EFBC}") = "CSSumNumArray", "CSSumNumArray\CSSumNumArray.csproj", "{6ED82A7E-C50E-44C1-A376-0D66B18D86F4}"
EndProject
Global
	GlobalSection(SolutionConfigurationPlatforms) = preSolution
		Debug|Any CPU = Debug|Any CPU
		Release|Any CPU = Release|Any CPU
	EndGlobalSection
	GlobalSection(ProjectConfigurationPlatforms) = postSolution
		{6ED82A7E-C50E-44C1-A376-0D66B18D86F4}.Debug|Any CPU.ActiveCfg = Debug|Any CPU
		{6ED82A7E-C50E-44C1-A376-0D66B18D86F4}.Debug|Any CPU.Build.0 = Debug|Any CPU
		{6ED82A7E-C50E-44C1-A376-0D66B18D86F4}.Release|Any CPU.ActiveCfg = Release|Any CPU
		{6ED82A7E-C50E-44C1-A376-0D66B18D86F4}.Release|Any CPU.Build.0 = Release|Any CPU
	EndGlobalSection
	GlobalSection(SolutionProperties) = preSolution
		HideSolutionNode = FALSE
	EndGlobalSection
	GlobalSection(ExtensibilityGlobals) = postSolution
		SolutionGuid = {4F569E9B-CA18-441A-90D3-6E6CA5598E55}
	EndGlobalSection
EndGlobal
