
Microsoft Visual Studio Solution File, Format Version 12.00
# Visual Studio 15
VisualStudioVersion = 15.0.27703.2000
MinimumVisualStudioVersion = 10.0.40219.1
Project("{FAE04EC0-301F-11D3-BF4B-00C04F79EFBC}") = "CSLists_Generic", "CSLists_Generic\CSLists_Generic.csproj", "{603E4EC4-32DF-45D1-894F-93AEB67369F1}"
EndProject
Global
	GlobalSection(SolutionConfigurationPlatforms) = preSolution
		Debug|Any CPU = Debug|Any CPU
		Release|Any CPU = Release|Any CPU
	EndGlobalSection
	GlobalSection(ProjectConfigurationPlatforms) = postSolution
		{603E4EC4-32DF-45D1-894F-93AEB67369F1}.Debug|Any CPU.ActiveCfg = Debug|Any CPU
		{603E4EC4-32DF-45D1-894F-93AEB67369F1}.Debug|Any CPU.Build.0 = Debug|Any CPU
		{603E4EC4-32DF-45D1-894F-93AEB67369F1}.Release|Any CPU.ActiveCfg = Release|Any CPU
		{603E4EC4-32DF-45D1-894F-93AEB67369F1}.Release|Any CPU.Build.0 = Release|Any CPU
	EndGlobalSection
	GlobalSection(SolutionProperties) = preSolution
		HideSolutionNode = FALSE
	EndGlobalSection
	GlobalSection(ExtensibilityGlobals) = postSolution
		SolutionGuid = {3A0FD702-0706-453E-897F-362290AB80A1}
	EndGlobalSection
EndGlobal
