
Microsoft Visual Studio Solution File, Format Version 12.00
# Visual Studio 15
VisualStudioVersion = 15.0.27703.2000
MinimumVisualStudioVersion = 10.0.40219.1
Project("{FAE04EC0-301F-11D3-BF4B-00C04F79EFBC}") = "MaximumofTwoNumbers", "MaximumofTwoNumbers\MaximumofTwoNumbers.csproj", "{5D220952-1677-4626-ACC8-96B534F56C87}"
EndProject
Global
	GlobalSection(SolutionConfigurationPlatforms) = preSolution
		Debug|Any CPU = Debug|Any CPU
		Release|Any CPU = Release|Any CPU
	EndGlobalSection
	GlobalSection(ProjectConfigurationPlatforms) = postSolution
		{5D220952-1677-4626-ACC8-96B534F56C87}.Debug|Any CPU.ActiveCfg = Debug|Any CPU
		{5D220952-1677-4626-ACC8-96B534F56C87}.Debug|Any CPU.Build.0 = Debug|Any CPU
		{5D220952-1677-4626-ACC8-96B534F56C87}.Release|Any CPU.ActiveCfg = Release|Any CPU
		{5D220952-1677-4626-ACC8-96B534F56C87}.Release|Any CPU.Build.0 = Release|Any CPU
	EndGlobalSection
	GlobalSection(SolutionProperties) = preSolution
		HideSolutionNode = FALSE
	EndGlobalSection
	GlobalSection(ExtensibilityGlobals) = postSolution
		SolutionGuid = {BF4D2E0F-5ED1-4949-860C-FC8FCB8F4FCA}
	EndGlobalSection
EndGlobal
