
Microsoft Visual Studio Solution File, Format Version 12.00
# Visual Studio 15
VisualStudioVersion = 15.0.27703.2000
MinimumVisualStudioVersion = 10.0.40219.1
Project("{FAE04EC0-301F-11D3-BF4B-00C04F79EFBC}") = "Strings", "Strings\Strings.csproj", "{FF8962DC-FDE8-4274-B974-9CB0013B0387}"
EndProject
Global
	GlobalSection(SolutionConfigurationPlatforms) = preSolution
		Debug|Any CPU = Debug|Any CPU
		Release|Any CPU = Release|Any CPU
	EndGlobalSection
	GlobalSection(ProjectConfigurationPlatforms) = postSolution
		{FF8962DC-FDE8-4274-B974-9CB0013B0387}.Debug|Any CPU.ActiveCfg = Debug|Any CPU
		{FF8962DC-FDE8-4274-B974-9CB0013B0387}.Debug|Any CPU.Build.0 = Debug|Any CPU
		{FF8962DC-FDE8-4274-B974-9CB0013B0387}.Release|Any CPU.ActiveCfg = Release|Any CPU
		{FF8962DC-FDE8-4274-B974-9CB0013B0387}.Release|Any CPU.Build.0 = Release|Any CPU
	EndGlobalSection
	GlobalSection(SolutionProperties) = preSolution
		HideSolutionNode = FALSE
	EndGlobalSection
	GlobalSection(ExtensibilityGlobals) = postSolution
		SolutionGuid = {C4D2DBED-0655-4E75-A27C-2128FE92236B}
	EndGlobalSection
EndGlobal
