
Microsoft Visual Studio Solution File, Format Version 12.00
# Visual Studio 15
VisualStudioVersion = 15.0.27703.2000
MinimumVisualStudioVersion = 10.0.40219.1
Project("{FAE04EC0-301F-11D3-BF4B-00C04F79EFBC}") = "Operators", "Operators\Operators.csproj", "{1FABA66F-DC4C-40FD-B690-0BFD9BE6D115}"
EndProject
Global
	GlobalSection(SolutionConfigurationPlatforms) = preSolution
		Debug|Any CPU = Debug|Any CPU
		Release|Any CPU = Release|Any CPU
	EndGlobalSection
	GlobalSection(ProjectConfigurationPlatforms) = postSolution
		{1FABA66F-DC4C-40FD-B690-0BFD9BE6D115}.Debug|Any CPU.ActiveCfg = Debug|Any CPU
		{1FABA66F-DC4C-40FD-B690-0BFD9BE6D115}.Debug|Any CPU.Build.0 = Debug|Any CPU
		{1FABA66F-DC4C-40FD-B690-0BFD9BE6D115}.Release|Any CPU.ActiveCfg = Release|Any CPU
		{1FABA66F-DC4C-40FD-B690-0BFD9BE6D115}.Release|Any CPU.Build.0 = Release|Any CPU
	EndGlobalSection
	GlobalSection(SolutionProperties) = preSolution
		HideSolutionNode = FALSE
	EndGlobalSection
	GlobalSection(ExtensibilityGlobals) = postSolution
		SolutionGuid = {9E103D52-92D0-4739-A40F-B69E8163A42B}
	EndGlobalSection
EndGlobal
