
Microsoft Visual Studio Solution File, Format Version 12.00
# Visual Studio 15
VisualStudioVersion = 15.0.27703.2000
MinimumVisualStudioVersion = 10.0.40219.1
Project("{FAE04EC0-301F-11D3-BF4B-00C04F79EFBC}") = "CSGuessRandNum", "CSGuessRandNum\CSGuessRandNum.csproj", "{08EDE90A-DD24-4078-A78B-CD9AE39D0CE1}"
EndProject
Global
	GlobalSection(SolutionConfigurationPlatforms) = preSolution
		Debug|Any CPU = Debug|Any CPU
		Release|Any CPU = Release|Any CPU
	EndGlobalSection
	GlobalSection(ProjectConfigurationPlatforms) = postSolution
		{08EDE90A-DD24-4078-A78B-CD9AE39D0CE1}.Debug|Any CPU.ActiveCfg = Debug|Any CPU
		{08EDE90A-DD24-4078-A78B-CD9AE39D0CE1}.Debug|Any CPU.Build.0 = Debug|Any CPU
		{08EDE90A-DD24-4078-A78B-CD9AE39D0CE1}.Release|Any CPU.ActiveCfg = Release|Any CPU
		{08EDE90A-DD24-4078-A78B-CD9AE39D0CE1}.Release|Any CPU.Build.0 = Release|Any CPU
	EndGlobalSection
	GlobalSection(SolutionProperties) = preSolution
		HideSolutionNode = FALSE
	EndGlobalSection
	GlobalSection(ExtensibilityGlobals) = postSolution
		SolutionGuid = {1F0817BA-6B23-4734-BA07-3E75AB6A18F6}
	EndGlobalSection
EndGlobal
